
Microsoft Visual Studio Solution File, Format Version 12.00
# Visual Studio 14
VisualStudioVersion = 14.0.25123.0
MinimumVisualStudioVersion = 10.0.40219.1
Project("{EAA0E561-F6DD-40FB-B55F-2C5984630BE2}") = "Sitecore.Support.306203", "Sitecore.Support.306203\Sitecore.Support.306203.csproj", "{8B64CD78-A215-416B-92E9-5CE84BC6867B}"
EndProject
Global
	GlobalSection(SolutionConfigurationPlatforms) = preSolution
		Debug|Any CPU = Debug|Any CPU
		Release|Any CPU = Release|Any CPU
	EndGlobalSection
	GlobalSection(ProjectConfigurationPlatforms) = postSolution
		{8B64CD78-A215-416B-92E9-5CE84BC6867B}.Debug|Any CPU.ActiveCfg = Debug|Any CPU
		{8B64CD78-A215-416B-92E9-5CE84BC6867B}.Debug|Any CPU.Build.0 = Debug|Any CPU
		{8B64CD78-A215-416B-92E9-5CE84BC6867B}.Release|Any CPU.ActiveCfg = Release|Any CPU
		{8B64CD78-A215-416B-92E9-5CE84BC6867B}.Release|Any CPU.Build.0 = Release|Any CPU
	EndGlobalSection
	GlobalSection(SolutionProperties) = preSolution
		HideSolutionNode = FALSE
	EndGlobalSection
EndGlobal
